
Microsoft Visual Studio Solution File, Format Version 12.00
# Visual Studio Version 17
VisualStudioVersion = 17.0.31903.59
MinimumVisualStudioVersion = 10.0.40219.1
Project("{FAE04EC0-301F-11D3-BF4B-00C04F79EFBC}") = "HighRiskEntitySearcherApi", "HighRiskEntitySearcherApi\HighRiskEntitySearcherApi.csproj", "{BFD6F58F-F405-420D-8441-3D35A54B25E7}"
EndProject
Project("{FAE04EC0-301F-11D3-BF4B-00C04F79EFBC}") = "HighRiskEntitySearcherApi.Tests", "HighRiskEntitySearcherApi.Tests\HighRiskEntitySearcherApi.Tests.csproj", "{ACC83C0F-EDBA-4E47-8966-69FCDB0C9193}"
EndProject
Global
	GlobalSection(SolutionConfigurationPlatforms) = preSolution
		Debug|Any CPU = Debug|Any CPU
		Release|Any CPU = Release|Any CPU
	EndGlobalSection
	GlobalSection(SolutionProperties) = preSolution
		HideSolutionNode = FALSE
	EndGlobalSection
	GlobalSection(ProjectConfigurationPlatforms) = postSolution
		{BFD6F58F-F405-420D-8441-3D35A54B25E7}.Debug|Any CPU.ActiveCfg = Debug|Any CPU
		{BFD6F58F-F405-420D-8441-3D35A54B25E7}.Debug|Any CPU.Build.0 = Debug|Any CPU
		{BFD6F58F-F405-420D-8441-3D35A54B25E7}.Release|Any CPU.ActiveCfg = Release|Any CPU
		{BFD6F58F-F405-420D-8441-3D35A54B25E7}.Release|Any CPU.Build.0 = Release|Any CPU
		{ACC83C0F-EDBA-4E47-8966-69FCDB0C9193}.Debug|Any CPU.ActiveCfg = Debug|Any CPU
		{ACC83C0F-EDBA-4E47-8966-69FCDB0C9193}.Debug|Any CPU.Build.0 = Debug|Any CPU
		{ACC83C0F-EDBA-4E47-8966-69FCDB0C9193}.Release|Any CPU.ActiveCfg = Release|Any CPU
		{ACC83C0F-EDBA-4E47-8966-69FCDB0C9193}.Release|Any CPU.Build.0 = Release|Any CPU
	EndGlobalSection
EndGlobal
